
Microsoft Visual Studio Solution File, Format Version 12.00
# Visual Studio Version 16
VisualStudioVersion = 16.0.31410.357
MinimumVisualStudioVersion = 10.0.40219.1
Project("{9A19103F-16F7-4668-BE54-9A1E7A4F7556}") = "Deer.WebSockets", "src\Deer.WebSockets.csproj", "{C1B2C972-2B0A-4928-A1D9-6CE3871A01F7}"
EndProject
Project("{9A19103F-16F7-4668-BE54-9A1E7A4F7556}") = "WebsocketServerDemo", "sample\WebsocketServerDemo\WebsocketServerDemo.csproj", "{A91F35C3-CB94-4568-BB34-8A3AC6553C32}"
EndProject
Global
	GlobalSection(SolutionConfigurationPlatforms) = preSolution
		Debug|Any CPU = Debug|Any CPU
		Release|Any CPU = Release|Any CPU
	EndGlobalSection
	GlobalSection(ProjectConfigurationPlatforms) = postSolution
		{C1B2C972-2B0A-4928-A1D9-6CE3871A01F7}.Debug|Any CPU.ActiveCfg = Debug|Any CPU
		{C1B2C972-2B0A-4928-A1D9-6CE3871A01F7}.Debug|Any CPU.Build.0 = Debug|Any CPU
		{C1B2C972-2B0A-4928-A1D9-6CE3871A01F7}.Release|Any CPU.ActiveCfg = Release|Any CPU
		{C1B2C972-2B0A-4928-A1D9-6CE3871A01F7}.Release|Any CPU.Build.0 = Release|Any CPU
		{A91F35C3-CB94-4568-BB34-8A3AC6553C32}.Debug|Any CPU.ActiveCfg = Debug|Any CPU
		{A91F35C3-CB94-4568-BB34-8A3AC6553C32}.Debug|Any CPU.Build.0 = Debug|Any CPU
		{A91F35C3-CB94-4568-BB34-8A3AC6553C32}.Release|Any CPU.ActiveCfg = Release|Any CPU
		{A91F35C3-CB94-4568-BB34-8A3AC6553C32}.Release|Any CPU.Build.0 = Release|Any CPU
	EndGlobalSection
	GlobalSection(SolutionProperties) = preSolution
		HideSolutionNode = FALSE
	EndGlobalSection
	GlobalSection(ExtensibilityGlobals) = postSolution
		SolutionGuid = {E6A09A50-E592-4CF8-BBFD-0303458CF41D}
	EndGlobalSection
EndGlobal
